
Microsoft Visual Studio Solution File, Format Version 12.00
# Visual Studio 2013
VisualStudioVersion = 12.0.31101.0
MinimumVisualStudioVersion = 10.0.40219.1
Project("{8BC9CEB8-8B4A-11D0-8D11-00A0C91BC942}") = "simple1", "simple1\simple1.vcxproj", "{E2A0B896-DE74-493B-A71E-5E8BDC5AB8F4}"
EndProject
Project("{8BC9CEB8-8B4A-11D0-8D11-00A0C91BC942}") = "gles_common", "gles_common\gles_common.vcxproj", "{C1866D11-D8E1-40DC-A3D9-09D9F7B45289}"
EndProject
Project("{8BC9CEB8-8B4A-11D0-8D11-00A0C91BC942}") = "vertexAttribute", "vertexAttribute\vertexAttribute.vcxproj", "{1886444C-B7D7-42EB-B9A4-8856DB05B817}"
EndProject
Project("{8BC9CEB8-8B4A-11D0-8D11-00A0C91BC942}") = "vertexShader", "vertexShader\vertexShader.vcxproj", "{310F7CA5-44D8-4663-898D-D5356D34B41F}"
EndProject
Project("{8BC9CEB8-8B4A-11D0-8D11-00A0C91BC942}") = "texture", "texture\texture.vcxproj", "{BFF814AC-5688-4931-9679-1154481E49BB}"
EndProject
Project("{8BC9CEB8-8B4A-11D0-8D11-00A0C91BC942}") = "PVRTTestPod", "PVRTTest\PVRTTest.vcxproj", "{55243A88-7291-4BB4-B926-C0F3B3A83C44}"
EndProject
Project("{8BC9CEB8-8B4A-11D0-8D11-00A0C91BC942}") = "PVRTTestPfx", "PVRTTestPfx\PVRTTestPfx.vcxproj", "{A9863E48-8B9F-45CB-A8C6-039677F2C029}"
EndProject
Project("{8BC9CEB8-8B4A-11D0-8D11-00A0C91BC942}") = "PVRTAlphaTest", "PVRTAlphaTest\PVRTAlphaTest.vcxproj", "{58A0FAD5-F803-43DE-B6D3-FD1E4DB911F3}"
EndProject
Project("{8BC9CEB8-8B4A-11D0-8D11-00A0C91BC942}") = "PVRTAlphaTest2", "PVRTAlphaTest2\PVRTAlphaTest2.vcxproj", "{43932214-AB14-4B4E-A312-64DD72A74AAD}"
EndProject
Project("{8BC9CEB8-8B4A-11D0-8D11-00A0C91BC942}") = "PVRTAnisotropicLight", "PVRTAnisotropicLight\PVRTAnisotropicLight.vcxproj", "{C55613F7-3487-4DFF-B6D8-A6FB3908EB75}"
EndProject
Project("{8BC9CEB8-8B4A-11D0-8D11-00A0C91BC942}") = "PVRTBloom", "PVRTBloom\PVRTBloom.vcxproj", "{7739431A-078E-4843-8BB5-EEC3E830E0A1}"
EndProject
Project("{8BC9CEB8-8B4A-11D0-8D11-00A0C91BC942}") = "PVRTBumpMap", "PVRTBumpMap\PVRTBumpMap.vcxproj", "{AB6E854A-590F-4F7B-9BF9-541879734763}"
EndProject
Project("{8BC9CEB8-8B4A-11D0-8D11-00A0C91BC942}") = "PVRTComplexLighting", "PVRTComplexLighting\PVRTComplexLighting.vcxproj", "{80FADC36-5A32-4C9B-9481-09F8292DC86F}"
EndProject
Project("{8BC9CEB8-8B4A-11D0-8D11-00A0C91BC942}") = "PVRTCubeShadowMap", "PVRTCubeShadowMap\PVRTCubeShadowMap.vcxproj", "{BB9F11E1-A136-459A-BB00-132CABD46049}"
EndProject
Project("{8BC9CEB8-8B4A-11D0-8D11-00A0C91BC942}") = "PVRTShadowMap", "PVRTShadowMap\PVRTShadowMap.vcxproj", "{AE44F777-8031-4F17-B0BE-9B2202031134}"
EndProject
Project("{8BC9CEB8-8B4A-11D0-8D11-00A0C91BC942}") = "PVRTInstroducingPVRTools", "PVRTInstroducingPVRTools\PVRTInstroducingPVRTools.vcxproj", "{DDA8C839-DFAD-4C6E-962F-8A7A44CAC821}"
EndProject
Project("{8BC9CEB8-8B4A-11D0-8D11-00A0C91BC942}") = "PVRGLProjectTemplate", "PVRGLProjectTemplate\PVRGLProjectTemplate.vcxproj", "{154C107F-DC2C-46B5-9389-F70DD1391C8D}"
EndProject
Project("{8BC9CEB8-8B4A-11D0-8D11-00A0C91BC942}") = "SapphireBase", "SapphireBase\SapphireBase.vcxproj", "{47FEF1F2-CE39-48FB-9EDF-770065AE680F}"
EndProject
Global
	GlobalSection(SolutionConfigurationPlatforms) = preSolution
		Debug|Win32 = Debug|Win32
		Debug|x64 = Debug|x64
		Release|Win32 = Release|Win32
		Release|x64 = Release|x64
	EndGlobalSection
	GlobalSection(ProjectConfigurationPlatforms) = postSolution
		{E2A0B896-DE74-493B-A71E-5E8BDC5AB8F4}.Debug|Win32.ActiveCfg = Debug|Win32
		{E2A0B896-DE74-493B-A71E-5E8BDC5AB8F4}.Debug|Win32.Build.0 = Debug|Win32
		{E2A0B896-DE74-493B-A71E-5E8BDC5AB8F4}.Debug|x64.ActiveCfg = Debug|Win32
		{E2A0B896-DE74-493B-A71E-5E8BDC5AB8F4}.Release|Win32.ActiveCfg = Release|Win32
		{E2A0B896-DE74-493B-A71E-5E8BDC5AB8F4}.Release|Win32.Build.0 = Release|Win32
		{E2A0B896-DE74-493B-A71E-5E8BDC5AB8F4}.Release|x64.ActiveCfg = Release|Win32
		{C1866D11-D8E1-40DC-A3D9-09D9F7B45289}.Debug|Win32.ActiveCfg = Debug|Win32
		{C1866D11-D8E1-40DC-A3D9-09D9F7B45289}.Debug|Win32.Build.0 = Debug|Win32
		{C1866D11-D8E1-40DC-A3D9-09D9F7B45289}.Debug|x64.ActiveCfg = Debug|Win32
		{C1866D11-D8E1-40DC-A3D9-09D9F7B45289}.Release|Win32.ActiveCfg = Release|Win32
		{C1866D11-D8E1-40DC-A3D9-09D9F7B45289}.Release|Win32.Build.0 = Release|Win32
		{C1866D11-D8E1-40DC-A3D9-09D9F7B45289}.Release|x64.ActiveCfg = Release|Win32
		{1886444C-B7D7-42EB-B9A4-8856DB05B817}.Debug|Win32.ActiveCfg = Debug|Win32
		{1886444C-B7D7-42EB-B9A4-8856DB05B817}.Debug|Win32.Build.0 = Debug|Win32
		{1886444C-B7D7-42EB-B9A4-8856DB05B817}.Debug|x64.ActiveCfg = Debug|Win32
		{1886444C-B7D7-42EB-B9A4-8856DB05B817}.Release|Win32.ActiveCfg = Release|Win32
		{1886444C-B7D7-42EB-B9A4-8856DB05B817}.Release|Win32.Build.0 = Release|Win32
		{1886444C-B7D7-42EB-B9A4-8856DB05B817}.Release|x64.ActiveCfg = Release|Win32
		{310F7CA5-44D8-4663-898D-D5356D34B41F}.Debug|Win32.ActiveCfg = Debug|Win32
		{310F7CA5-44D8-4663-898D-D5356D34B41F}.Debug|Win32.Build.0 = Debug|Win32
		{310F7CA5-44D8-4663-898D-D5356D34B41F}.Debug|x64.ActiveCfg = Debug|Win32
		{310F7CA5-44D8-4663-898D-D5356D34B41F}.Release|Win32.ActiveCfg = Release|Win32
		{310F7CA5-44D8-4663-898D-D5356D34B41F}.Release|Win32.Build.0 = Release|Win32
		{310F7CA5-44D8-4663-898D-D5356D34B41F}.Release|x64.ActiveCfg = Release|Win32
		{BFF814AC-5688-4931-9679-1154481E49BB}.Debug|Win32.ActiveCfg = Debug|Win32
		{BFF814AC-5688-4931-9679-1154481E49BB}.Debug|Win32.Build.0 = Debug|Win32
		{BFF814AC-5688-4931-9679-1154481E49BB}.Debug|x64.ActiveCfg = Debug|Win32
		{BFF814AC-5688-4931-9679-1154481E49BB}.Release|Win32.ActiveCfg = Release|Win32
		{BFF814AC-5688-4931-9679-1154481E49BB}.Release|Win32.Build.0 = Release|Win32
		{BFF814AC-5688-4931-9679-1154481E49BB}.Release|x64.ActiveCfg = Release|Win32
		{55243A88-7291-4BB4-B926-C0F3B3A83C44}.Debug|Win32.ActiveCfg = Debug|Win32
		{55243A88-7291-4BB4-B926-C0F3B3A83C44}.Debug|Win32.Build.0 = Debug|Win32
		{55243A88-7291-4BB4-B926-C0F3B3A83C44}.Debug|x64.ActiveCfg = Debug|Win32
		{55243A88-7291-4BB4-B926-C0F3B3A83C44}.Release|Win32.ActiveCfg = Release|Win32
		{55243A88-7291-4BB4-B926-C0F3B3A83C44}.Release|Win32.Build.0 = Release|Win32
		{55243A88-7291-4BB4-B926-C0F3B3A83C44}.Release|x64.ActiveCfg = Release|Win32
		{A9863E48-8B9F-45CB-A8C6-039677F2C029}.Debug|Win32.ActiveCfg = Debug|Win32
		{A9863E48-8B9F-45CB-A8C6-039677F2C029}.Debug|Win32.Build.0 = Debug|Win32
		{A9863E48-8B9F-45CB-A8C6-039677F2C029}.Debug|x64.ActiveCfg = Debug|Win32
		{A9863E48-8B9F-45CB-A8C6-039677F2C029}.Release|Win32.ActiveCfg = Release|Win32
		{A9863E48-8B9F-45CB-A8C6-039677F2C029}.Release|Win32.Build.0 = Release|Win32
		{A9863E48-8B9F-45CB-A8C6-039677F2C029}.Release|x64.ActiveCfg = Release|Win32
		{58A0FAD5-F803-43DE-B6D3-FD1E4DB911F3}.Debug|Win32.ActiveCfg = Debug|Win32
		{58A0FAD5-F803-43DE-B6D3-FD1E4DB911F3}.Debug|Win32.Build.0 = Debug|Win32
		{58A0FAD5-F803-43DE-B6D3-FD1E4DB911F3}.Debug|x64.ActiveCfg = Debug|Win32
		{58A0FAD5-F803-43DE-B6D3-FD1E4DB911F3}.Release|Win32.ActiveCfg = Release|Win32
		{58A0FAD5-F803-43DE-B6D3-FD1E4DB911F3}.Release|Win32.Build.0 = Release|Win32
		{58A0FAD5-F803-43DE-B6D3-FD1E4DB911F3}.Release|x64.ActiveCfg = Release|Win32
		{43932214-AB14-4B4E-A312-64DD72A74AAD}.Debug|Win32.ActiveCfg = Debug|Win32
		{43932214-AB14-4B4E-A312-64DD72A74AAD}.Debug|Win32.Build.0 = Debug|Win32
		{43932214-AB14-4B4E-A312-64DD72A74AAD}.Debug|x64.ActiveCfg = Debug|Win32
		{43932214-AB14-4B4E-A312-64DD72A74AAD}.Release|Win32.ActiveCfg = Release|Win32
		{43932214-AB14-4B4E-A312-64DD72A74AAD}.Release|Win32.Build.0 = Release|Win32
		{43932214-AB14-4B4E-A312-64DD72A74AAD}.Release|x64.ActiveCfg = Release|Win32
		{C55613F7-3487-4DFF-B6D8-A6FB3908EB75}.Debug|Win32.ActiveCfg = Debug|Win32
		{C55613F7-3487-4DFF-B6D8-A6FB3908EB75}.Debug|Win32.Build.0 = Debug|Win32
		{C55613F7-3487-4DFF-B6D8-A6FB3908EB75}.Debug|x64.ActiveCfg = Debug|Win32
		{C55613F7-3487-4DFF-B6D8-A6FB3908EB75}.Release|Win32.ActiveCfg = Release|Win32
		{C55613F7-3487-4DFF-B6D8-A6FB3908EB75}.Release|Win32.Build.0 = Release|Win32
		{C55613F7-3487-4DFF-B6D8-A6FB3908EB75}.Release|x64.ActiveCfg = Release|Win32
		{7739431A-078E-4843-8BB5-EEC3E830E0A1}.Debug|Win32.ActiveCfg = Debug|Win32
		{7739431A-078E-4843-8BB5-EEC3E830E0A1}.Debug|Win32.Build.0 = Debug|Win32
		{7739431A-078E-4843-8BB5-EEC3E830E0A1}.Debug|x64.ActiveCfg = Debug|Win32
		{7739431A-078E-4843-8BB5-EEC3E830E0A1}.Release|Win32.ActiveCfg = Release|Win32
		{7739431A-078E-4843-8BB5-EEC3E830E0A1}.Release|Win32.Build.0 = Release|Win32
		{7739431A-078E-4843-8BB5-EEC3E830E0A1}.Release|x64.ActiveCfg = Release|Win32
		{AB6E854A-590F-4F7B-9BF9-541879734763}.Debug|Win32.ActiveCfg = Debug|Win32
		{AB6E854A-590F-4F7B-9BF9-541879734763}.Debug|Win32.Build.0 = Debug|Win32
		{AB6E854A-590F-4F7B-9BF9-541879734763}.Debug|x64.ActiveCfg = Debug|Win32
		{AB6E854A-590F-4F7B-9BF9-541879734763}.Release|Win32.ActiveCfg = Release|Win32
		{AB6E854A-590F-4F7B-9BF9-541879734763}.Release|Win32.Build.0 = Release|Win32
		{AB6E854A-590F-4F7B-9BF9-541879734763}.Release|x64.ActiveCfg = Release|Win32
		{80FADC36-5A32-4C9B-9481-09F8292DC86F}.Debug|Win32.ActiveCfg = Debug|Win32
		{80FADC36-5A32-4C9B-9481-09F8292DC86F}.Debug|Win32.Build.0 = Debug|Win32
		{80FADC36-5A32-4C9B-9481-09F8292DC86F}.Debug|x64.ActiveCfg = Debug|Win32
		{80FADC36-5A32-4C9B-9481-09F8292DC86F}.Release|Win32.ActiveCfg = Release|Win32
		{80FADC36-5A32-4C9B-9481-09F8292DC86F}.Release|Win32.Build.0 = Release|Win32
		{80FADC36-5A32-4C9B-9481-09F8292DC86F}.Release|x64.ActiveCfg = Release|Win32
		{BB9F11E1-A136-459A-BB00-132CABD46049}.Debug|Win32.ActiveCfg = Debug|Win32
		{BB9F11E1-A136-459A-BB00-132CABD46049}.Debug|Win32.Build.0 = Debug|Win32
		{BB9F11E1-A136-459A-BB00-132CABD46049}.Debug|x64.ActiveCfg = Debug|Win32
		{BB9F11E1-A136-459A-BB00-132CABD46049}.Release|Win32.ActiveCfg = Release|Win32
		{BB9F11E1-A136-459A-BB00-132CABD46049}.Release|Win32.Build.0 = Release|Win32
		{BB9F11E1-A136-459A-BB00-132CABD46049}.Release|x64.ActiveCfg = Release|Win32
		{AE44F777-8031-4F17-B0BE-9B2202031134}.Debug|Win32.ActiveCfg = Debug|Win32
		{AE44F777-8031-4F17-B0BE-9B2202031134}.Debug|Win32.Build.0 = Debug|Win32
		{AE44F777-8031-4F17-B0BE-9B2202031134}.Debug|x64.ActiveCfg = Debug|Win32
		{AE44F777-8031-4F17-B0BE-9B2202031134}.Release|Win32.ActiveCfg = Release|Win32
		{AE44F777-8031-4F17-B0BE-9B2202031134}.Release|Win32.Build.0 = Release|Win32
		{AE44F777-8031-4F17-B0BE-9B2202031134}.Release|x64.ActiveCfg = Release|Win32
		{DDA8C839-DFAD-4C6E-962F-8A7A44CAC821}.Debug|Win32.ActiveCfg = Debug|Win32
		{DDA8C839-DFAD-4C6E-962F-8A7A44CAC821}.Debug|Win32.Build.0 = Debug|Win32
		{DDA8C839-DFAD-4C6E-962F-8A7A44CAC821}.Debug|x64.ActiveCfg = Debug|Win32
		{DDA8C839-DFAD-4C6E-962F-8A7A44CAC821}.Release|Win32.ActiveCfg = Release|Win32
		{DDA8C839-DFAD-4C6E-962F-8A7A44CAC821}.Release|Win32.Build.0 = Release|Win32
		{DDA8C839-DFAD-4C6E-962F-8A7A44CAC821}.Release|x64.ActiveCfg = Release|Win32
		{154C107F-DC2C-46B5-9389-F70DD1391C8D}.Debug|Win32.ActiveCfg = Debug|Win32
		{154C107F-DC2C-46B5-9389-F70DD1391C8D}.Debug|Win32.Build.0 = Debug|Win32
		{154C107F-DC2C-46B5-9389-F70DD1391C8D}.Debug|x64.ActiveCfg = Debug|Win32
		{154C107F-DC2C-46B5-9389-F70DD1391C8D}.Release|Win32.ActiveCfg = Release|Win32
		{154C107F-DC2C-46B5-9389-F70DD1391C8D}.Release|Win32.Build.0 = Release|Win32
		{154C107F-DC2C-46B5-9389-F70DD1391C8D}.Release|x64.ActiveCfg = Release|Win32
		{47FEF1F2-CE39-48FB-9EDF-770065AE680F}.Debug|Win32.ActiveCfg = Debug|Win32
		{47FEF1F2-CE39-48FB-9EDF-770065AE680F}.Debug|Win32.Build.0 = Debug|Win32
		{47FEF1F2-CE39-48FB-9EDF-770065AE680F}.Debug|x64.ActiveCfg = Debug|Win32
		{47FEF1F2-CE39-48FB-9EDF-770065AE680F}.Release|Win32.ActiveCfg = Release|Win32
		{47FEF1F2-CE39-48FB-9EDF-770065AE680F}.Release|Win32.Build.0 = Release|Win32
		{47FEF1F2-CE39-48FB-9EDF-770065AE680F}.Release|x64.ActiveCfg = Release|Win32
	EndGlobalSection
	GlobalSection(SolutionProperties) = preSolution
		HideSolutionNode = FALSE
	EndGlobalSection
EndGlobal
