<?xml version="1.0" encoding="utf-8"?>
<Project ToolsVersion="4.0" xmlns="http://schemas.microsoft.com/developer/msbuild/2003">
  <ItemGroup>
    <Filter Include="源文件">
      <UniqueIdentifier>{4FC737F1-C7A5-4376-A066-2A32D752A2FF}</UniqueIdentifier>
      <Extensions>cpp;c;cc;cxx;def;odl;idl;hpj;bat;asm;asmx</Extensions>
    </Filter>
    <Filter Include="头文件">
      <UniqueIdentifier>{93995380-89BD-4b04-88EB-625FBE52EBFB}</UniqueIdentifier>
      <Extensions>h;hh;hpp;hxx;hm;inl;inc;xsd</Extensions>
    </Filter>
    <Filter Include="资源文件">
      <UniqueIdentifier>{67DA6AB6-F800-4c08-8B7A-83BB121AAD01}</UniqueIdentifier>
      <Extensions>rc;ico;cur;bmp;dlg;rc2;rct;bin;rgs;gif;jpg;jpeg;jpe;resx;tiff;tif;png;wav;mfcribbon-ms</Extensions>
    </Filter>
    <Filter Include="头文件\threads">
      <UniqueIdentifier>{a13ef421-db3a-4f9f-8c28-3e33dbc9f265}</UniqueIdentifier>
    </Filter>
    <Filter Include="头文件\memory">
      <UniqueIdentifier>{1aaae061-d14a-4fdc-b670-26c9d461523e}</UniqueIdentifier>
    </Filter>
    <Filter Include="源文件\memory">
      <UniqueIdentifier>{f072863b-22e3-48b5-9cb4-fcc48adaf2bc}</UniqueIdentifier>
    </Filter>
    <Filter Include="头文件\math">
      <UniqueIdentifier>{11d77b97-746e-41a0-87d2-6b948191ea62}</UniqueIdentifier>
    </Filter>
    <Filter Include="源文件\math">
      <UniqueIdentifier>{2724f344-3c28-42a3-ab85-41809275ace3}</UniqueIdentifier>
    </Filter>
    <Filter Include="头文件\renderSystem">
      <UniqueIdentifier>{07ab50cc-4cec-412f-a402-d2539a8841aa}</UniqueIdentifier>
    </Filter>
    <Filter Include="头文件\scene">
      <UniqueIdentifier>{ea155848-d6ab-479d-9993-26f6e939bada}</UniqueIdentifier>
    </Filter>
    <Filter Include="源文件\rendersystem">
      <UniqueIdentifier>{ddcf2b33-0691-4d95-917b-3ba7c2574527}</UniqueIdentifier>
    </Filter>
    <Filter Include="源文件\scene">
      <UniqueIdentifier>{b9ccbc34-0bb5-48f2-8dc6-9bf1a7e3bba0}</UniqueIdentifier>
    </Filter>
    <Filter Include="头文件\core">
      <UniqueIdentifier>{6a1aa86f-633d-4707-ae05-0907a076a37f}</UniqueIdentifier>
    </Filter>
    <Filter Include="resources">
      <UniqueIdentifier>{db63cf6e-bdc2-4c4b-8b9d-4d9d4b5c71a7}</UniqueIdentifier>
    </Filter>
    <Filter Include="头文件\gui">
      <UniqueIdentifier>{969751c0-2c0a-43cd-826c-f564ea006df8}</UniqueIdentifier>
    </Filter>
  </ItemGroup>
  <ItemGroup>
    <ClInclude Include="SapphirePlatfrom.h">
      <Filter>头文件</Filter>
    </ClInclude>
    <ClInclude Include="SapphireBuildSets.h">
      <Filter>头文件</Filter>
    </ClInclude>
    <ClInclude Include="SapphirePrerequisites.h">
      <Filter>头文件</Filter>
    </ClInclude>
    <ClInclude Include="SapphireConfig.h">
      <Filter>头文件</Filter>
    </ClInclude>
    <ClInclude Include="threads\SapphireThreadDefines.h">
      <Filter>头文件\threads</Filter>
    </ClInclude>
    <ClInclude Include="threads\SapphireThreadDefinesNone.h">
      <Filter>头文件\threads</Filter>
    </ClInclude>
    <ClInclude Include="SapphireMemoryTracker.h">
      <Filter>头文件\memory</Filter>
    </ClInclude>
    <ClInclude Include="SapphireStableHeader.h">
      <Filter>头文件</Filter>
    </ClInclude>
    <ClInclude Include="SapphireMemoryAllocatorConfig.h">
      <Filter>头文件\memory</Filter>
    </ClInclude>
    <ClInclude Include="SapphireMemoryAllocatedObject.h">
      <Filter>头文件\memory</Filter>
    </ClInclude>
    <ClInclude Include="SapphireMemorySTLAllocator.h">
      <Filter>头文件\memory</Filter>
    </ClInclude>
    <ClInclude Include="SapphireMemoryStdAlloc.h">
      <Filter>头文件\memory</Filter>
    </ClInclude>
    <ClInclude Include="SapphireStdHeader.h">
      <Filter>头文件</Filter>
    </ClInclude>
    <ClInclude Include="SapphireAlignedAllocator.h">
      <Filter>头文件\memory</Filter>
    </ClInclude>
    <ClInclude Include="SapphireString.h">
      <Filter>头文件</Filter>
    </ClInclude>
    <ClInclude Include="SapphireStringVector.h">
      <Filter>头文件</Filter>
    </ClInclude>
    <ClInclude Include="SapphireSharedPtr.h">
      <Filter>头文件</Filter>
    </ClInclude>
    <ClInclude Include="SapphireLog.h">
      <Filter>头文件</Filter>
    </ClInclude>
    <ClInclude Include="SapphireLogManager.h">
      <Filter>头文件</Filter>
    </ClInclude>
    <ClInclude Include="SapphireSingleton.h">
      <Filter>头文件</Filter>
    </ClInclude>
    <ClInclude Include="SapphireHeaderPrefix.h">
      <Filter>头文件</Filter>
    </ClInclude>
    <ClInclude Include="SapphireHeaderSuffix.h">
      <Filter>头文件</Filter>
    </ClInclude>
    <ClInclude Include="SapphireException.h">
      <Filter>头文件</Filter>
    </ClInclude>
    <ClInclude Include="SapphireMath.h">
      <Filter>头文件\math</Filter>
    </ClInclude>
    <ClInclude Include="SapphireQMath.h">
      <Filter>头文件\math</Filter>
    </ClInclude>
    <ClInclude Include="SapphireVector2.h">
      <Filter>头文件\math</Filter>
    </ClInclude>
    <ClInclude Include="SapphireVector3.h">
      <Filter>头文件\math</Filter>
    </ClInclude>
    <ClInclude Include="SapphireQuaternion.h">
      <Filter>头文件\math</Filter>
    </ClInclude>
    <ClInclude Include="SapphireMatrix3.h">
      <Filter>头文件\math</Filter>
    </ClInclude>
    <ClInclude Include="SapphireVector4.h">
      <Filter>头文件\math</Filter>
    </ClInclude>
    <ClInclude Include="SapphireMatrix4.h">
      <Filter>头文件\math</Filter>
    </ClInclude>
    <ClInclude Include="SapphireAxisAlignedBox.h">
      <Filter>头文件\math</Filter>
    </ClInclude>
    <ClInclude Include="SapphirePlane.h">
      <Filter>头文件\math</Filter>
    </ClInclude>
    <ClInclude Include="SapphireRay.h">
      <Filter>头文件\math</Filter>
    </ClInclude>
    <ClInclude Include="SapphireSphere.h">
      <Filter>头文件\math</Filter>
    </ClInclude>
    <ClInclude Include="SapphirePlaneBoundedVolume.h">
      <Filter>头文件\math</Filter>
    </ClInclude>
    <ClInclude Include="SapphireCommon.h">
      <Filter>头文件</Filter>
    </ClInclude>
    <ClInclude Include="SapphireAny.h">
      <Filter>头文件</Filter>
    </ClInclude>
    <ClInclude Include="SapphireColorValue.h">
      <Filter>头文件</Filter>
    </ClInclude>
    <ClInclude Include="SapphireUserObjectBinding.h">
      <Filter>头文件</Filter>
    </ClInclude>
    <ClInclude Include="SapphireFactoryObj.h">
      <Filter>头文件</Filter>
    </ClInclude>
    <ClInclude Include="SapphireVertex.h">
      <Filter>头文件\renderSystem</Filter>
    </ClInclude>
    <ClInclude Include="SapphireMesh.h">
      <Filter>头文件\renderSystem</Filter>
    </ClInclude>
    <ClInclude Include="SapphireVertexBufferBase.h">
      <Filter>头文件\renderSystem</Filter>
    </ClInclude>
    <ClInclude Include="SapphirePrimitiveType.h">
      <Filter>头文件\renderSystem</Filter>
    </ClInclude>
    <ClInclude Include="SapphireScenesManager.h">
      <Filter>头文件\scene</Filter>
    </ClInclude>
    <ClInclude Include="SapphireKeyMap.h">
      <Filter>头文件</Filter>
    </ClInclude>
    <ClInclude Include="SapphireRectangle.h">
      <Filter>头文件</Filter>
    </ClInclude>
    <ClInclude Include="SapphireDimension2D.h">
      <Filter>头文件\core</Filter>
    </ClInclude>
    <ClInclude Include="SapphirePath.h">
      <Filter>resources</Filter>
    </ClInclude>
    <ClInclude Include="SapphireETerrianElements.h">
      <Filter>头文件\scene</Filter>
    </ClInclude>
    <ClInclude Include="SapphireFont.h">
      <Filter>头文件\gui</Filter>
    </ClInclude>
    <ClInclude Include="SapphireSceneNodeTypes.h">
      <Filter>头文件\scene</Filter>
    </ClInclude>
    <ClInclude Include="SapphireDefines.h">
      <Filter>头文件\core</Filter>
    </ClInclude>
    <ClInclude Include="SapphireESceneNodeAnimatorType.h">
      <Filter>头文件\scene</Filter>
    </ClInclude>
    <ClInclude Include="SapphireUserDataSerializer.h">
      <Filter>头文件\scene</Filter>
    </ClInclude>
    <ClInclude Include="SapphireEMeshWriterEnums.h">
      <Filter>头文件\scene</Filter>
    </ClInclude>
    <ClInclude Include="SapphireDevice.h">
      <Filter>头文件</Filter>
    </ClInclude>
    <ClInclude Include="SapphireEDriverTypes.h">
      <Filter>头文件\renderSystem</Filter>
    </ClInclude>
    <ClInclude Include="SapphireEDeviceTypes.h">
      <Filter>头文件\renderSystem</Filter>
    </ClInclude>
    <ClInclude Include="SapphireEDriverFeatures.h">
      <Filter>头文件\renderSystem</Filter>
    </ClInclude>
    <ClInclude Include="SapphireVideoDriver.h">
      <Filter>头文件\renderSystem</Filter>
    </ClInclude>
    <ClInclude Include="SapphireSMaterial.h">
      <Filter>头文件\renderSystem</Filter>
    </ClInclude>
    <ClInclude Include="SapphireEMaterialTypes.h">
      <Filter>头文件\renderSystem</Filter>
    </ClInclude>
  </ItemGroup>
  <ItemGroup>
    <ClCompile Include="main.cpp">
      <Filter>源文件</Filter>
    </ClCompile>
    <ClCompile Include="SapphireMemoryTracker.cpp">
      <Filter>源文件\memory</Filter>
    </ClCompile>
    <ClCompile Include="SapphireMemoryAllocatedObject.cpp">
      <Filter>源文件\memory</Filter>
    </ClCompile>
    <ClCompile Include="SapphireString.cpp">
      <Filter>源文件</Filter>
    </ClCompile>
    <ClCompile Include="SapphireLog.cpp">
      <Filter>源文件</Filter>
    </ClCompile>
    <ClCompile Include="SapphireLogManager.cpp">
      <Filter>源文件</Filter>
    </ClCompile>
    <ClCompile Include="SapphireException.cpp">
      <Filter>源文件</Filter>
    </ClCompile>
    <ClCompile Include="SapphireMath.cpp">
      <Filter>源文件\math</Filter>
    </ClCompile>
    <ClCompile Include="SapphireQMath.cpp">
      <Filter>源文件\math</Filter>
    </ClCompile>
    <ClCompile Include="SapphireVector2.cpp">
      <Filter>源文件\math</Filter>
    </ClCompile>
    <ClCompile Include="SapphireMatrix3.cpp">
      <Filter>源文件\math</Filter>
    </ClCompile>
    <ClCompile Include="SapphireVector3.cpp">
      <Filter>源文件\math</Filter>
    </ClCompile>
    <ClCompile Include="SapphireQuaternion.cpp">
      <Filter>源文件\math</Filter>
    </ClCompile>
    <ClCompile Include="SapphireVector4.cpp">
      <Filter>源文件\math</Filter>
    </ClCompile>
    <ClCompile Include="SapphireMatrix4.cpp">
      <Filter>源文件\math</Filter>
    </ClCompile>
    <ClCompile Include="SapphireAxisAlignedBox.cpp">
      <Filter>源文件\math</Filter>
    </ClCompile>
    <ClCompile Include="SapphirePlane.cpp">
      <Filter>源文件\math</Filter>
    </ClCompile>
    <ClCompile Include="SapphireAlignedAllocator.cpp">
      <Filter>源文件\memory</Filter>
    </ClCompile>
    <ClCompile Include="SapphireCommon.cpp">
      <Filter>源文件</Filter>
    </ClCompile>
    <ClCompile Include="SapphireColorValue.cpp">
      <Filter>源文件</Filter>
    </ClCompile>
    <ClCompile Include="SapphireUserObjectBinding.cpp">
      <Filter>源文件</Filter>
    </ClCompile>
    <ClCompile Include="SapphireEMaterialFlags.h">
      <Filter>头文件\renderSystem</Filter>
    </ClCompile>
  </ItemGroup>
  <ItemGroup>
    <None Include="ClassDiagram.cd" />
    <None Include="ClassDiagram1.cd" />
  </ItemGroup>
</Project>