<?xml version="1.0" encoding="utf-8"?>
<Project ToolsVersion="4.0" xmlns="http://schemas.microsoft.com/developer/msbuild/2003">
  <ItemGroup>
    <Filter Include="源文件">
      <UniqueIdentifier>{4FC737F1-C7A5-4376-A066-2A32D752A2FF}</UniqueIdentifier>
      <Extensions>cpp;c;cc;cxx;def;odl;idl;hpj;bat;asm;asmx</Extensions>
    </Filter>
    <Filter Include="头文件">
      <UniqueIdentifier>{93995380-89BD-4b04-88EB-625FBE52EBFB}</UniqueIdentifier>
      <Extensions>h;hh;hpp;hxx;hm;inl;inc;xsd</Extensions>
    </Filter>
    <Filter Include="资源文件">
      <UniqueIdentifier>{67DA6AB6-F800-4c08-8B7A-83BB121AAD01}</UniqueIdentifier>
      <Extensions>rc;ico;cur;bmp;dlg;rc2;rct;bin;rgs;gif;jpg;jpeg;jpe;resx;tiff;tif;png;wav;mfcribbon-ms</Extensions>
    </Filter>
    <Filter Include="头文件\threads">
      <UniqueIdentifier>{a13ef421-db3a-4f9f-8c28-3e33dbc9f265}</UniqueIdentifier>
    </Filter>
    <Filter Include="头文件\memory">
      <UniqueIdentifier>{1aaae061-d14a-4fdc-b670-26c9d461523e}</UniqueIdentifier>
    </Filter>
    <Filter Include="源文件\memory">
      <UniqueIdentifier>{f072863b-22e3-48b5-9cb4-fcc48adaf2bc}</UniqueIdentifier>
    </Filter>
    <Filter Include="头文件\math">
      <UniqueIdentifier>{11d77b97-746e-41a0-87d2-6b948191ea62}</UniqueIdentifier>
    </Filter>
    <Filter Include="源文件\math">
      <UniqueIdentifier>{2724f344-3c28-42a3-ab85-41809275ace3}</UniqueIdentifier>
    </Filter>
    <Filter Include="头文件\renderSystem">
      <UniqueIdentifier>{07ab50cc-4cec-412f-a402-d2539a8841aa}</UniqueIdentifier>
    </Filter>
    <Filter Include="头文件\scene">
      <UniqueIdentifier>{ea155848-d6ab-479d-9993-26f6e939bada}</UniqueIdentifier>
    </Filter>
    <Filter Include="源文件\rendersystem">
      <UniqueIdentifier>{ddcf2b33-0691-4d95-917b-3ba7c2574527}</UniqueIdentifier>
    </Filter>
    <Filter Include="源文件\scene">
      <UniqueIdentifier>{b9ccbc34-0bb5-48f2-8dc6-9bf1a7e3bba0}</UniqueIdentifier>
    </Filter>
    <Filter Include="头文件\core">
      <UniqueIdentifier>{6a1aa86f-633d-4707-ae05-0907a076a37f}</UniqueIdentifier>
    </Filter>
    <Filter Include="resources">
      <UniqueIdentifier>{db63cf6e-bdc2-4c4b-8b9d-4d9d4b5c71a7}</UniqueIdentifier>
    </Filter>
    <Filter Include="头文件\gui">
      <UniqueIdentifier>{969751c0-2c0a-43cd-826c-f564ea006df8}</UniqueIdentifier>
    </Filter>
    <Filter Include="头文件\IO">
      <UniqueIdentifier>{6661a7f3-b28d-4516-880b-9fb4bdf4ed6a}</UniqueIdentifier>
    </Filter>
    <Filter Include="源文件\rendersystem\OpenGL">
      <UniqueIdentifier>{697136b4-8c77-4eed-9228-7027a48ab1eb}</UniqueIdentifier>
    </Filter>
    <Filter Include="源文件\os">
      <UniqueIdentifier>{0e393899-f7c5-4723-a39a-088fa509b1ae}</UniqueIdentifier>
    </Filter>
    <Filter Include="源文件\rendersystem\Null">
      <UniqueIdentifier>{8921733e-7185-49f1-9b04-93ce9dba3622}</UniqueIdentifier>
    </Filter>
    <Filter Include="源文件\rendersystem\SoftDriver">
      <UniqueIdentifier>{c438623e-42f3-4ede-b752-d98c55301a77}</UniqueIdentifier>
    </Filter>
    <Filter Include="源文件\IO">
      <UniqueIdentifier>{0c997ba9-93b6-4956-9725-5e4a339338cb}</UniqueIdentifier>
    </Filter>
    <Filter Include="源文件\rendersystem\Null\Loader">
      <UniqueIdentifier>{6582d8ea-9197-4d4a-9cc1-7d033749775a}</UniqueIdentifier>
    </Filter>
    <Filter Include="源文件\rendersystem\Null\Writer">
      <UniqueIdentifier>{7271fdff-ab6a-4376-98d8-b291130a07ef}</UniqueIdentifier>
    </Filter>
    <Filter Include="源文件\device">
      <UniqueIdentifier>{41605f13-7ada-4805-af4b-594e093d1ed1}</UniqueIdentifier>
    </Filter>
    <Filter Include="源文件\externs">
      <UniqueIdentifier>{390264c8-3c8d-4075-8a6b-5efb15f9de4d}</UniqueIdentifier>
    </Filter>
    <Filter Include="源文件\externs\jpeglib">
      <UniqueIdentifier>{6099050b-2182-433c-ace5-768f38e4b8f4}</UniqueIdentifier>
    </Filter>
    <Filter Include="源文件\externs\pnglib">
      <UniqueIdentifier>{b21ea98c-c826-4c72-9621-c4619c2fec44}</UniqueIdentifier>
    </Filter>
    <Filter Include="源文件\externs\zlib">
      <UniqueIdentifier>{3a7546d9-ea95-40ea-a3eb-52d8a946ebd5}</UniqueIdentifier>
    </Filter>
    <Filter Include="源文件\gui">
      <UniqueIdentifier>{16b9ec59-878c-496f-a20a-42d404e72f15}</UniqueIdentifier>
    </Filter>
  </ItemGroup>
  <ItemGroup>
    <ClInclude Include="SapphirePlatfrom.h">
      <Filter>头文件</Filter>
    </ClInclude>
    <ClInclude Include="SapphireBuildSets.h">
      <Filter>头文件</Filter>
    </ClInclude>
    <ClInclude Include="SapphirePrerequisites.h">
      <Filter>头文件</Filter>
    </ClInclude>
    <ClInclude Include="SapphireConfig.h">
      <Filter>头文件</Filter>
    </ClInclude>
    <ClInclude Include="threads\SapphireThreadDefines.h">
      <Filter>头文件\threads</Filter>
    </ClInclude>
    <ClInclude Include="threads\SapphireThreadDefinesNone.h">
      <Filter>头文件\threads</Filter>
    </ClInclude>
    <ClInclude Include="SapphireMemoryTracker.h">
      <Filter>头文件\memory</Filter>
    </ClInclude>
    <ClInclude Include="SapphireStableHeader.h">
      <Filter>头文件</Filter>
    </ClInclude>
    <ClInclude Include="SapphireMemoryAllocatorConfig.h">
      <Filter>头文件\memory</Filter>
    </ClInclude>
    <ClInclude Include="SapphireMemoryAllocatedObject.h">
      <Filter>头文件\memory</Filter>
    </ClInclude>
    <ClInclude Include="SapphireMemorySTLAllocator.h">
      <Filter>头文件\memory</Filter>
    </ClInclude>
    <ClInclude Include="SapphireMemoryStdAlloc.h">
      <Filter>头文件\memory</Filter>
    </ClInclude>
    <ClInclude Include="SapphireStdHeader.h">
      <Filter>头文件</Filter>
    </ClInclude>
    <ClInclude Include="SapphireAlignedAllocator.h">
      <Filter>头文件\memory</Filter>
    </ClInclude>
    <ClInclude Include="SapphireString.h">
      <Filter>头文件</Filter>
    </ClInclude>
    <ClInclude Include="SapphireStringVector.h">
      <Filter>头文件</Filter>
    </ClInclude>
    <ClInclude Include="SapphireSharedPtr.h">
      <Filter>头文件</Filter>
    </ClInclude>
    <ClInclude Include="SapphireLog.h">
      <Filter>头文件</Filter>
    </ClInclude>
    <ClInclude Include="SapphireLogManager.h">
      <Filter>头文件</Filter>
    </ClInclude>
    <ClInclude Include="SapphireSingleton.h">
      <Filter>头文件</Filter>
    </ClInclude>
    <ClInclude Include="SapphireHeaderPrefix.h">
      <Filter>头文件</Filter>
    </ClInclude>
    <ClInclude Include="SapphireHeaderSuffix.h">
      <Filter>头文件</Filter>
    </ClInclude>
    <ClInclude Include="SapphireException.h">
      <Filter>头文件</Filter>
    </ClInclude>
    <ClInclude Include="SapphireMath.h">
      <Filter>头文件\math</Filter>
    </ClInclude>
    <ClInclude Include="SapphireQMath.h">
      <Filter>头文件\math</Filter>
    </ClInclude>
    <ClInclude Include="SapphireVector2.h">
      <Filter>头文件\math</Filter>
    </ClInclude>
    <ClInclude Include="SapphireVector3.h">
      <Filter>头文件\math</Filter>
    </ClInclude>
    <ClInclude Include="SapphireQuaternion.h">
      <Filter>头文件\math</Filter>
    </ClInclude>
    <ClInclude Include="SapphireMatrix3.h">
      <Filter>头文件\math</Filter>
    </ClInclude>
    <ClInclude Include="SapphireVector4.h">
      <Filter>头文件\math</Filter>
    </ClInclude>
    <ClInclude Include="SapphireMatrix4.h">
      <Filter>头文件\math</Filter>
    </ClInclude>
    <ClInclude Include="SapphireAxisAlignedBox.h">
      <Filter>头文件\math</Filter>
    </ClInclude>
    <ClInclude Include="SapphirePlane.h">
      <Filter>头文件\math</Filter>
    </ClInclude>
    <ClInclude Include="SapphireRay.h">
      <Filter>头文件\math</Filter>
    </ClInclude>
    <ClInclude Include="SapphireSphere.h">
      <Filter>头文件\math</Filter>
    </ClInclude>
    <ClInclude Include="SapphirePlaneBoundedVolume.h">
      <Filter>头文件\math</Filter>
    </ClInclude>
    <ClInclude Include="SapphireCommon.h">
      <Filter>头文件</Filter>
    </ClInclude>
    <ClInclude Include="SapphireAny.h">
      <Filter>头文件</Filter>
    </ClInclude>
    <ClInclude Include="SapphireColorValue.h">
      <Filter>头文件</Filter>
    </ClInclude>
    <ClInclude Include="SapphireUserObjectBinding.h">
      <Filter>头文件</Filter>
    </ClInclude>
    <ClInclude Include="SapphireFactoryObj.h">
      <Filter>头文件</Filter>
    </ClInclude>
    <ClInclude Include="SapphireVertex.h">
      <Filter>头文件\renderSystem</Filter>
    </ClInclude>
    <ClInclude Include="SapphireVertexBufferBase.h">
      <Filter>头文件\renderSystem</Filter>
    </ClInclude>
    <ClInclude Include="SapphirePrimitiveType.h">
      <Filter>头文件\renderSystem</Filter>
    </ClInclude>
    <ClInclude Include="SapphireKeyMap.h">
      <Filter>头文件</Filter>
    </ClInclude>
    <ClInclude Include="SapphirePath.h">
      <Filter>resources</Filter>
    </ClInclude>
    <ClInclude Include="SapphireETerrianElements.h">
      <Filter>头文件\scene</Filter>
    </ClInclude>
    <ClInclude Include="SapphireFont.h">
      <Filter>头文件\gui</Filter>
    </ClInclude>
    <ClInclude Include="SapphireDefines.h">
      <Filter>头文件\core</Filter>
    </ClInclude>
    <ClInclude Include="SapphireESceneNodeAnimatorType.h">
      <Filter>头文件\scene</Filter>
    </ClInclude>
    <ClInclude Include="SapphireEMeshWriterEnums.h">
      <Filter>头文件\scene</Filter>
    </ClInclude>
    <ClInclude Include="SapphireDevice.h">
      <Filter>头文件</Filter>
    </ClInclude>
    <ClInclude Include="SapphireEDriverTypes.h">
      <Filter>头文件\renderSystem</Filter>
    </ClInclude>
    <ClInclude Include="SapphireEDeviceTypes.h">
      <Filter>头文件\renderSystem</Filter>
    </ClInclude>
    <ClInclude Include="SapphireEDriverFeatures.h">
      <Filter>头文件\renderSystem</Filter>
    </ClInclude>
    <ClInclude Include="SapphireEMaterialTypes.h">
      <Filter>头文件\renderSystem</Filter>
    </ClInclude>
    <ClInclude Include="SapphireITexture.h">
      <Filter>头文件\renderSystem</Filter>
    </ClInclude>
    <ClInclude Include="SapphireMaterialLayer.h">
      <Filter>头文件\renderSystem</Filter>
    </ClInclude>
    <ClInclude Include="SapphireSMaterial.h">
      <Filter>头文件\renderSystem</Filter>
    </ClInclude>
    <ClInclude Include="SapphireExposedVideoData.h">
      <Filter>头文件\renderSystem</Filter>
    </ClInclude>
    <ClInclude Include="SapphireLine3D.h">
      <Filter>头文件\math</Filter>
    </ClInclude>
    <ClInclude Include="SapphireTriangle3D.h">
      <Filter>头文件\math</Filter>
    </ClInclude>
    <ClInclude Include="SapphireDimension2D.h">
      <Filter>头文件\math</Filter>
    </ClInclude>
    <ClInclude Include="SapphireLine2D.h">
      <Filter>头文件\math</Filter>
    </ClInclude>
    <ClInclude Include="SapphireIImageLoader.h">
      <Filter>头文件\renderSystem</Filter>
    </ClInclude>
    <ClInclude Include="SapphireIImageWriter.h">
      <Filter>头文件\renderSystem</Filter>
    </ClInclude>
    <ClInclude Include="SapphireIVideoDriver.h">
      <Filter>头文件\renderSystem</Filter>
    </ClInclude>
    <ClInclude Include="SapphireIMeshBuffer.h">
      <Filter>头文件\scene</Filter>
    </ClInclude>
    <ClInclude Include="SapphireSVertex.h">
      <Filter>头文件\scene</Filter>
    </ClInclude>
    <ClInclude Include="SapphireSVertexIndex.h">
      <Filter>头文件\renderSystem</Filter>
    </ClInclude>
    <ClInclude Include="SapphireEHardwareBufferFlags.h">
      <Filter>头文件\renderSystem</Filter>
    </ClInclude>
    <ClInclude Include="SapphireIScenesManager.h">
      <Filter>头文件\scene</Filter>
    </ClInclude>
    <ClInclude Include="SapphireESceneNodeTypes.h">
      <Filter>头文件\scene</Filter>
    </ClInclude>
    <ClInclude Include="SapphireIUserDataSerializer.h">
      <Filter>头文件\scene</Filter>
    </ClInclude>
    <ClInclude Include="SapphireISceneNode.h">
      <Filter>头文件\scene</Filter>
    </ClInclude>
    <ClInclude Include="SapphireISceneNodeAnimator.h">
      <Filter>头文件\scene</Filter>
    </ClInclude>
    <ClInclude Include="SapphireIEventRecevier.h">
      <Filter>头文件\core</Filter>
    </ClInclude>
    <ClInclude Include="SapphireKeyCodes.h">
      <Filter>头文件</Filter>
    </ClInclude>
    <ClInclude Include="SapphireRectangle.h">
      <Filter>头文件\math</Filter>
    </ClInclude>
    <ClInclude Include="SapphireIReferenceCounter.h">
      <Filter>头文件\core</Filter>
    </ClInclude>
    <ClInclude Include="SapphireITriangleSelector.h">
      <Filter>头文件\scene</Filter>
    </ClInclude>
    <ClInclude Include="SapphireECullingTypes.h">
      <Filter>头文件\scene</Filter>
    </ClInclude>
    <ClInclude Include="SapphireIMesh.h">
      <Filter>头文件\renderSystem</Filter>
    </ClInclude>
    <ClInclude Include="SapphireEPrimitiveTypes.h">
      <Filter>头文件\scene</Filter>
    </ClInclude>
    <ClInclude Include="SapphireSLight.h">
      <Filter>头文件\scene</Filter>
    </ClInclude>
    <ClInclude Include="SapphireIMaterialRenderer.h">
      <Filter>头文件\renderSystem</Filter>
    </ClInclude>
    <ClInclude Include="SapphireIGPUProgramServices.h">
      <Filter>头文件\renderSystem</Filter>
    </ClInclude>
    <ClInclude Include="SapphireEShaderTypes.h">
      <Filter>头文件\renderSystem</Filter>
    </ClInclude>
    <ClInclude Include="SapphireSVertexManipulator.h">
      <Filter>头文件\renderSystem</Filter>
    </ClInclude>
    <ClInclude Include="SapphireIShaderConstantSetCallBack.h">
      <Filter>头文件\renderSystem</Filter>
    </ClInclude>
    <ClInclude Include="SapphireIVideoModeList.h">
      <Filter>头文件\renderSystem</Filter>
    </ClInclude>
    <ClInclude Include="SapphireSMesh.h">
      <Filter>头文件\renderSystem</Filter>
    </ClInclude>
    <ClInclude Include="SapphireSViewFrustum.h">
      <Filter>头文件\scene</Filter>
    </ClInclude>
    <ClInclude Include="SapphireSceneParameters.h">
      <Filter>头文件\scene</Filter>
    </ClInclude>
    <ClInclude Include="SapphireIMeshCache.h">
      <Filter>头文件\scene</Filter>
    </ClInclude>
    <ClInclude Include="SapphireIMeshLoader.h">
      <Filter>头文件\scene</Filter>
    </ClInclude>
    <ClInclude Include="SapphireIMeshSceneNode.h">
      <Filter>头文件\scene</Filter>
    </ClInclude>
    <ClInclude Include="SapphireEDebugSceneTypes.h">
      <Filter>头文件\scene</Filter>
    </ClInclude>
    <ClInclude Include="SapphireIMeshWriter.h">
      <Filter>头文件\scene</Filter>
    </ClInclude>
    <ClInclude Include="SapphireSParticle.h">
      <Filter>头文件\scene</Filter>
    </ClInclude>
    <ClInclude Include="SapphireIParticleAffector.h">
      <Filter>头文件\scene</Filter>
    </ClInclude>
    <ClInclude Include="SapphireIMetaTriangleSelector.h">
      <Filter>头文件\scene</Filter>
    </ClInclude>
    <ClInclude Include="SapphireISceneNodeAnimatorFactory.h">
      <Filter>头文件\scene</Filter>
    </ClInclude>
    <ClInclude Include="SapphireIParticleAnimatedMeshSceneNodeEmitter.h">
      <Filter>头文件\scene</Filter>
    </ClInclude>
    <ClInclude Include="SapphireIAnimatedMeshSceneNode.h">
      <Filter>头文件\scene</Filter>
    </ClInclude>
    <ClInclude Include="SapphireIBoneSceneNode.h">
      <Filter>头文件\scene</Filter>
    </ClInclude>
    <ClInclude Include="SapphireISkinnedMesh.h">
      <Filter>头文件\scene</Filter>
    </ClInclude>
    <ClInclude Include="SapphireISceneNodeFactory.h">
      <Filter>头文件\scene</Filter>
    </ClInclude>
    <ClInclude Include="SapphireSSkinMeshBuffer.h">
      <Filter>头文件\scene</Filter>
    </ClInclude>
    <ClInclude Include="SapphireIAnimatedMesh.h">
      <Filter>头文件\scene</Filter>
    </ClInclude>
    <ClInclude Include="SapphireIMeshManipulator.h">
      <Filter>头文件\scene</Filter>
    </ClInclude>
    <ClInclude Include="SapphireCoreUtil.h">
      <Filter>resources</Filter>
    </ClInclude>
    <ClInclude Include="SapphireIFileSystem.h">
      <Filter>头文件\IO</Filter>
    </ClInclude>
    <ClInclude Include="SapphireIFileArchive.h">
      <Filter>头文件\IO</Filter>
    </ClInclude>
    <ClInclude Include="SapphireIReadFile.h">
      <Filter>头文件\IO</Filter>
    </ClInclude>
    <ClInclude Include="SapphireIFileList.h">
      <Filter>头文件\IO</Filter>
    </ClInclude>
    <ClInclude Include="SapphireIWriteFile.h">
      <Filter>头文件\IO</Filter>
    </ClInclude>
    <ClInclude Include="SapphireEAttributes.h">
      <Filter>头文件\IO</Filter>
    </ClInclude>
    <ClInclude Include="SapphireIAttributeExchangingObject.h">
      <Filter>头文件\IO</Filter>
    </ClInclude>
    <ClInclude Include="SapphireIAttributes.h">
      <Filter>头文件\IO</Filter>
    </ClInclude>
    <ClInclude Include="SapphireIXML.h">
      <Filter>头文件\IO</Filter>
    </ClInclude>
    <ClInclude Include="SapphireIXMLReader.h">
      <Filter>头文件\IO</Filter>
    </ClInclude>
    <ClInclude Include="SapphireIXMLWriter.h">
      <Filter>头文件\IO</Filter>
    </ClInclude>
    <ClInclude Include="SapphireIQ3Shader.h">
      <Filter>头文件\renderSystem</Filter>
    </ClInclude>
    <ClInclude Include="SapphireIImage.h">
      <Filter>头文件\renderSystem</Filter>
    </ClInclude>
    <ClInclude Include="SapphireIQ3LevelMesh.h">
      <Filter>头文件\scene</Filter>
    </ClInclude>
    <ClInclude Include="SapphireIAnimatedMeshMD3.h">
      <Filter>头文件\scene</Filter>
    </ClInclude>
    <ClInclude Include="SapphirePack.h">
      <Filter>头文件\core</Filter>
    </ClInclude>
    <ClInclude Include="SapphireUnPack.h">
      <Filter>头文件\core</Filter>
    </ClInclude>
    <ClInclude Include="SapphireISceneLoader.h">
      <Filter>头文件\scene</Filter>
    </ClInclude>
    <ClInclude Include="SapphireIVolumeLightSceneNode.h">
      <Filter>头文件\scene</Filter>
    </ClInclude>
    <ClInclude Include="SapphireILightSceneNode.h">
      <Filter>头文件\scene</Filter>
    </ClInclude>
    <ClInclude Include="SapphireIBillboardSceneNode.h">
      <Filter>头文件\scene</Filter>
    </ClInclude>
    <ClInclude Include="SapphireICameraSceneNode.h">
      <Filter>头文件\scene</Filter>
    </ClInclude>
    <ClInclude Include="SapphireIDummyTransformationSceneNode.h">
      <Filter>头文件\scene</Filter>
    </ClInclude>
    <ClInclude Include="SapphireIParticleAttractionAffector.h">
      <Filter>头文件\scene</Filter>
    </ClInclude>
    <ClInclude Include="SapphireIParticleBoxEmitter.h">
      <Filter>头文件\scene</Filter>
    </ClInclude>
    <ClInclude Include="SapphireIParticleCylinderEmitter.h">
      <Filter>头文件\scene</Filter>
    </ClInclude>
    <ClInclude Include="SapphireIParticleFadeOutAffector.h">
      <Filter>头文件\scene</Filter>
    </ClInclude>
    <ClInclude Include="SapphireIParticleGravityAffector.h">
      <Filter>头文件\scene</Filter>
    </ClInclude>
    <ClInclude Include="SapphireIParticleMeshEmitter.h">
      <Filter>头文件\scene</Filter>
    </ClInclude>
    <ClInclude Include="SapphireIParticleRingEmitter.h">
      <Filter>头文件\scene</Filter>
    </ClInclude>
    <ClInclude Include="SapphireIParticleSphereEmitter.h">
      <Filter>头文件\scene</Filter>
    </ClInclude>
    <ClInclude Include="SapphireIParticleRotationAffector.h">
      <Filter>头文件\scene</Filter>
    </ClInclude>
    <ClInclude Include="SapphireIParticleEmitter.h">
      <Filter>头文件\scene</Filter>
    </ClInclude>
    <ClInclude Include="SapphireIParticleSysetmSceneNode.h">
      <Filter>头文件\scene</Filter>
    </ClInclude>
    <ClInclude Include="SapphireITextSceneNode.h">
      <Filter>头文件\scene</Filter>
    </ClInclude>
    <ClInclude Include="SapphireIShadowVolumeSceneNode.h">
      <Filter>头文件\scene</Filter>
    </ClInclude>
    <ClInclude Include="SapphireITerrianSceneNode.h">
      <Filter>头文件\scene</Filter>
    </ClInclude>
    <ClInclude Include="SapphireIDynamicMeshBuffer.h">
      <Filter>头文件\scene</Filter>
    </ClInclude>
    <ClInclude Include="SapphireIVertexBuffer.h">
      <Filter>头文件\scene</Filter>
    </ClInclude>
    <ClInclude Include="SapphireIIndexBuffer.h">
      <Filter>头文件\scene</Filter>
    </ClInclude>
    <ClInclude Include="SapphireISceneCollisionManager.h">
      <Filter>头文件\scene</Filter>
    </ClInclude>
    <ClInclude Include="SapphireCOpenGLExtensionHandler.h">
      <Filter>源文件\rendersystem\OpenGL</Filter>
    </ClInclude>
    <ClInclude Include="wglext.h">
      <Filter>头文件</Filter>
    </ClInclude>
    <ClInclude Include="glext.h">
      <Filter>头文件</Filter>
    </ClInclude>
    <ClInclude Include="SapphireOS.h">
      <Filter>源文件\os</Filter>
    </ClInclude>
    <ClInclude Include="SapphireITimer.h">
      <Filter>源文件\os</Filter>
    </ClInclude>
    <ClInclude Include="SapphireCTimer.h">
      <Filter>源文件\os</Filter>
    </ClInclude>
    <ClInclude Include="SapphireCNullDriver.h">
      <Filter>源文件\rendersystem\Null</Filter>
    </ClInclude>
    <ClInclude Include="SapphireCFPSCounter.h">
      <Filter>源文件\rendersystem\Null</Filter>
    </ClInclude>
    <ClInclude Include="SapphireCImage.h">
      <Filter>源文件\rendersystem\Null</Filter>
    </ClInclude>
    <ClInclude Include="SapphireCColourConverter.h">
      <Filter>源文件\rendersystem\Null</Filter>
    </ClInclude>
    <ClInclude Include="SapphireSoftDriverHelper.h">
      <Filter>源文件\rendersystem\SoftDriver</Filter>
    </ClInclude>
    <ClInclude Include="SapphireCBlit.h">
      <Filter>源文件\rendersystem\SoftDriver</Filter>
    </ClInclude>
    <ClInclude Include="SapphireIImagePresenter.h">
      <Filter>源文件\rendersystem\Null</Filter>
    </ClInclude>
    <ClInclude Include="SapphireIMaterialRendererServices.h">
      <Filter>头文件\renderSystem</Filter>
    </ClInclude>
    <ClInclude Include="SapphireIAttribute.h">
      <Filter>头文件\IO</Filter>
    </ClInclude>
    <ClInclude Include="SapphireCAtrributes.h">
      <Filter>源文件\IO</Filter>
    </ClInclude>
    <ClInclude Include="SapphireCompileConifg.h">
      <Filter>头文件\core</Filter>
    </ClInclude>
    <ClInclude Include="SapphireCMeshManipulator.h">
      <Filter>源文件\scene</Filter>
    </ClInclude>
    <ClInclude Include="SapphireCImageLoaderBMP.h">
      <Filter>源文件\rendersystem\Null\Loader</Filter>
    </ClInclude>
    <ClInclude Include="SapphireCImageLoaderTGA.h">
      <Filter>源文件\rendersystem\Null\Loader</Filter>
    </ClInclude>
    <ClInclude Include="SapphireCImageLoaderPNG.h">
      <Filter>源文件\rendersystem\Null\Loader</Filter>
    </ClInclude>
    <ClInclude Include="SapphireCImageLoaderJPEG.h">
      <Filter>源文件\rendersystem\Null\Loader</Filter>
    </ClInclude>
    <ClInclude Include="SapphireCImageWirterBMP.h">
      <Filter>源文件\rendersystem\Null\Writer</Filter>
    </ClInclude>
    <ClInclude Include="SapphireCImageWriterTGA.h">
      <Filter>源文件\rendersystem\Null\Writer</Filter>
    </ClInclude>
    <ClInclude Include="SapphireCImageWriterPNG.h">
      <Filter>源文件\rendersystem\Null\Writer</Filter>
    </ClInclude>
    <ClInclude Include="SapphireCImageWriterJPEG.h">
      <Filter>源文件\rendersystem\Null\Writer</Filter>
    </ClInclude>
    <ClInclude Include="SapphireCVideoModelList.h">
      <Filter>源文件\rendersystem</Filter>
    </ClInclude>
    <ClInclude Include="SapphireDeviceStub.h">
      <Filter>源文件\device</Filter>
    </ClInclude>
    <ClInclude Include="SapphireSCreationParameters.h">
      <Filter>源文件\device</Filter>
    </ClInclude>
    <ClInclude Include="SapphireEGUIAlignment.h">
      <Filter>头文件\gui</Filter>
    </ClInclude>
    <ClInclude Include="SapphireIGUIEnvironment.h">
      <Filter>头文件\gui</Filter>
    </ClInclude>
    <ClInclude Include="SapphireIGUISkin.h">
      <Filter>头文件\gui</Filter>
    </ClInclude>
    <ClInclude Include="SapphireCXMLReaderImpl.h">
      <Filter>源文件\IO</Filter>
    </ClInclude>
    <ClInclude Include="SapphireCXMLReader.h">
      <Filter>源文件\IO</Filter>
    </ClInclude>
    <ClInclude Include="jpeglib\cderror.h">
      <Filter>源文件\externs\jpeglib</Filter>
    </ClInclude>
    <ClInclude Include="jpeglib\jdct.h">
      <Filter>源文件\externs\jpeglib</Filter>
    </ClInclude>
    <ClInclude Include="jpeglib\jerror.h">
      <Filter>源文件\externs\jpeglib</Filter>
    </ClInclude>
    <ClInclude Include="jpeglib\jinclude.h">
      <Filter>源文件\externs\jpeglib</Filter>
    </ClInclude>
    <ClInclude Include="jpeglib\jmemsys.h">
      <Filter>源文件\externs\jpeglib</Filter>
    </ClInclude>
    <ClInclude Include="jpeglib\jmorecfg.h">
      <Filter>源文件\externs\jpeglib</Filter>
    </ClInclude>
    <ClInclude Include="jpeglib\jpegint.h">
      <Filter>源文件\externs\jpeglib</Filter>
    </ClInclude>
    <ClInclude Include="jpeglib\jpeglib.h">
      <Filter>源文件\externs\jpeglib</Filter>
    </ClInclude>
    <ClInclude Include="jpeglib\jversion.h">
      <Filter>源文件\externs\jpeglib</Filter>
    </ClInclude>
    <ClInclude Include="libpng\png.h">
      <Filter>源文件\externs\pnglib</Filter>
    </ClInclude>
    <ClInclude Include="libpng\pngconf.h">
      <Filter>源文件\externs\pnglib</Filter>
    </ClInclude>
    <ClInclude Include="libpng\pngdebug.h">
      <Filter>源文件\externs\pnglib</Filter>
    </ClInclude>
    <ClInclude Include="libpng\pnginfo.h">
      <Filter>源文件\externs\pnglib</Filter>
    </ClInclude>
    <ClInclude Include="libpng\pnglibconf.h">
      <Filter>源文件\externs\pnglib</Filter>
    </ClInclude>
    <ClInclude Include="libpng\pngpriv.h">
      <Filter>源文件\externs\pnglib</Filter>
    </ClInclude>
    <ClInclude Include="libpng\pngstruct.h">
      <Filter>源文件\externs\pnglib</Filter>
    </ClInclude>
    <ClInclude Include="zlib\crc32.h">
      <Filter>源文件\externs\zlib</Filter>
    </ClInclude>
    <ClInclude Include="zlib\deflate.h">
      <Filter>源文件\externs\zlib</Filter>
    </ClInclude>
    <ClInclude Include="zlib\gzguts.h">
      <Filter>源文件\externs\zlib</Filter>
    </ClInclude>
    <ClInclude Include="zlib\inffast.h">
      <Filter>源文件\externs\zlib</Filter>
    </ClInclude>
    <ClInclude Include="zlib\inffixed.h">
      <Filter>源文件\externs\zlib</Filter>
    </ClInclude>
    <ClInclude Include="zlib\inflate.h">
      <Filter>源文件\externs\zlib</Filter>
    </ClInclude>
    <ClInclude Include="zlib\inftrees.h">
      <Filter>源文件\externs\zlib</Filter>
    </ClInclude>
    <ClInclude Include="zlib\trees.h">
      <Filter>源文件\externs\zlib</Filter>
    </ClInclude>
    <ClInclude Include="zlib\zconf.h">
      <Filter>源文件\externs\zlib</Filter>
    </ClInclude>
    <ClInclude Include="zlib\zlib.h">
      <Filter>源文件\externs\zlib</Filter>
    </ClInclude>
    <ClInclude Include="zlib\zutil.h">
      <Filter>源文件\externs\zlib</Filter>
    </ClInclude>
    <ClInclude Include="SapphireCXMLWriter.h">
      <Filter>源文件\IO</Filter>
    </ClInclude>
    <ClInclude Include="SapphireCWriteFile.h">
      <Filter>源文件\IO</Filter>
    </ClInclude>
    <ClInclude Include="SapphireCReadFile.h">
      <Filter>源文件\IO</Filter>
    </ClInclude>
    <ClInclude Include="SapphireCFileSystem.h">
      <Filter>源文件\IO</Filter>
    </ClInclude>
    <ClInclude Include="SapphireCPakReader.h">
      <Filter>源文件\IO</Filter>
    </ClInclude>
    <ClInclude Include="SapphireCFileList.h">
      <Filter>源文件\IO</Filter>
    </ClInclude>
    <ClInclude Include="SapphireCZipReader.h">
      <Filter>源文件\IO</Filter>
    </ClInclude>
    <ClInclude Include="SapphireCMountPointReader.h">
      <Filter>源文件\IO</Filter>
    </ClInclude>
    <ClInclude Include="SapphireCNPKReader.h">
      <Filter>源文件\IO</Filter>
    </ClInclude>
    <ClInclude Include="SapphireCTarReader.h">
      <Filter>源文件\IO</Filter>
    </ClInclude>
    <ClInclude Include="SapphireCLimitReadFile.h">
      <Filter>源文件\IO</Filter>
    </ClInclude>
    <ClInclude Include="SapphireCMemoryFile.h">
      <Filter>源文件\IO</Filter>
    </ClInclude>
    <ClInclude Include="SapphireCWADReader.h">
      <Filter>源文件\IO</Filter>
    </ClInclude>
    <ClInclude Include="SapphireEGUIElementTypes.h">
      <Filter>头文件\gui</Filter>
    </ClInclude>
    <ClInclude Include="SapphireEMessageBoxFlags.h">
      <Filter>头文件\gui</Filter>
    </ClInclude>
    <ClInclude Include="SapphireIGUIImage.h">
      <Filter>头文件\gui</Filter>
    </ClInclude>
    <ClInclude Include="SapphireIGUIElement.h">
      <Filter>头文件\gui</Filter>
    </ClInclude>
    <ClInclude Include="SapphireIGUIElementFactory.h">
      <Filter>头文件\gui</Filter>
    </ClInclude>
    <ClInclude Include="SapphireIGUIImageList.h">
      <Filter>头文件\gui</Filter>
    </ClInclude>
    <ClInclude Include="SapphireIGUIButton.h">
      <Filter>头文件\gui</Filter>
    </ClInclude>
    <ClInclude Include="SapphireIGUICheckBox.h">
      <Filter>头文件\gui</Filter>
    </ClInclude>
    <ClInclude Include="SapphireIGUIComboBox.h">
      <Filter>头文件\gui</Filter>
    </ClInclude>
    <ClInclude Include="SapphireIGUIContextMenu.h">
      <Filter>头文件\gui</Filter>
    </ClInclude>
    <ClInclude Include="SapphireIGUIEditBox.h">
      <Filter>头文件\gui</Filter>
    </ClInclude>
    <ClInclude Include="SapphireIGUIFileOpenDialog.h">
      <Filter>头文件\gui</Filter>
    </ClInclude>
    <ClInclude Include="SapphireIGUIListBox.h">
      <Filter>头文件\gui</Filter>
    </ClInclude>
    <ClInclude Include="SapphireIGUIMeshViewer.h">
      <Filter>头文件\gui</Filter>
    </ClInclude>
    <ClInclude Include="SapphireIGUIScrollBar.h">
      <Filter>头文件\gui</Filter>
    </ClInclude>
    <ClInclude Include="SapphireIGUISpinBox.h">
      <Filter>头文件\gui</Filter>
    </ClInclude>
    <ClInclude Include="SapphireIGUISpriteBank.h">
      <Filter>头文件\gui</Filter>
    </ClInclude>
    <ClInclude Include="SapphireIGUIStaticText.h">
      <Filter>头文件\gui</Filter>
    </ClInclude>
    <ClInclude Include="SapphireIGUITabControl.h">
      <Filter>头文件\gui</Filter>
    </ClInclude>
    <ClInclude Include="SapphireIGUIToolBar.h">
      <Filter>头文件\gui</Filter>
    </ClInclude>
    <ClInclude Include="SapphireIGUITreeView.h">
      <Filter>头文件\gui</Filter>
    </ClInclude>
    <ClInclude Include="SapphireIGUIWindow.h">
      <Filter>头文件\gui</Filter>
    </ClInclude>
    <ClInclude Include="SapphireCDefaultGUIElementFactory.h">
      <Filter>源文件\gui</Filter>
    </ClInclude>
    <ClInclude Include="SapphireIGUITable.h">
      <Filter>头文件\gui</Filter>
    </ClInclude>
    <ClInclude Include="SapphireIGUIInOutFader.h">
      <Filter>头文件\gui</Filter>
    </ClInclude>
    <ClInclude Include="SapphireIGUIColorSelectDialog.h">
      <Filter>头文件\gui</Filter>
    </ClInclude>
    <ClInclude Include="SapphireCGUIButton.h">
      <Filter>源文件\gui</Filter>
    </ClInclude>
    <ClInclude Include="SapphireCGUICheckBox.h">
      <Filter>源文件\gui</Filter>
    </ClInclude>
    <ClInclude Include="SapphireIGUIFontBitmap.h">
      <Filter>头文件\gui</Filter>
    </ClInclude>
    <ClInclude Include="SapphireCGUIColorSelectDialog.h">
      <Filter>源文件\gui</Filter>
    </ClInclude>
    <ClInclude Include="SapphireCGUIImage.h">
      <Filter>源文件\gui</Filter>
    </ClInclude>
    <ClInclude Include="SapphireCGUIImageList.h">
      <Filter>源文件\gui</Filter>
    </ClInclude>
    <ClInclude Include="SapphireCGUISkin.h">
      <Filter>源文件\gui</Filter>
    </ClInclude>
    <ClInclude Include="SapphireCGUIFont.h">
      <Filter>源文件\gui</Filter>
    </ClInclude>
    <ClInclude Include="SapphireCGUIStaticText.h">
      <Filter>源文件\gui</Filter>
    </ClInclude>
    <ClInclude Include="SapphireCGUIContextMenu.h">
      <Filter>源文件\gui</Filter>
    </ClInclude>
    <ClInclude Include="SapphireCGUIEditBox.h">
      <Filter>源文件\gui</Filter>
    </ClInclude>
    <ClInclude Include="SapphireCGUIScrollBar.h">
      <Filter>源文件\gui</Filter>
    </ClInclude>
    <ClInclude Include="SapphireCGUIListBox.h">
      <Filter>源文件\gui</Filter>
    </ClInclude>
    <ClInclude Include="SapphireCGUIComboBox.h">
      <Filter>源文件\gui</Filter>
    </ClInclude>
  </ItemGroup>
  <ItemGroup>
    <ClCompile Include="main.cpp">
      <Filter>源文件</Filter>
    </ClCompile>
    <ClCompile Include="SapphireMemoryTracker.cpp">
      <Filter>源文件\memory</Filter>
    </ClCompile>
    <ClCompile Include="SapphireMemoryAllocatedObject.cpp">
      <Filter>源文件\memory</Filter>
    </ClCompile>
    <ClCompile Include="SapphireString.cpp">
      <Filter>源文件</Filter>
    </ClCompile>
    <ClCompile Include="SapphireLog.cpp">
      <Filter>源文件</Filter>
    </ClCompile>
    <ClCompile Include="SapphireLogManager.cpp">
      <Filter>源文件</Filter>
    </ClCompile>
    <ClCompile Include="SapphireException.cpp">
      <Filter>源文件</Filter>
    </ClCompile>
    <ClCompile Include="SapphireMath.cpp">
      <Filter>源文件\math</Filter>
    </ClCompile>
    <ClCompile Include="SapphireQMath.cpp">
      <Filter>源文件\math</Filter>
    </ClCompile>
    <ClCompile Include="SapphireVector2.cpp">
      <Filter>源文件\math</Filter>
    </ClCompile>
    <ClCompile Include="SapphireMatrix3.cpp">
      <Filter>源文件\math</Filter>
    </ClCompile>
    <ClCompile Include="SapphireVector3.cpp">
      <Filter>源文件\math</Filter>
    </ClCompile>
    <ClCompile Include="SapphireQuaternion.cpp">
      <Filter>源文件\math</Filter>
    </ClCompile>
    <ClCompile Include="SapphireVector4.cpp">
      <Filter>源文件\math</Filter>
    </ClCompile>
    <ClCompile Include="SapphireMatrix4.cpp">
      <Filter>源文件\math</Filter>
    </ClCompile>
    <ClCompile Include="SapphireAxisAlignedBox.cpp">
      <Filter>源文件\math</Filter>
    </ClCompile>
    <ClCompile Include="SapphirePlane.cpp">
      <Filter>源文件\math</Filter>
    </ClCompile>
    <ClCompile Include="SapphireAlignedAllocator.cpp">
      <Filter>源文件\memory</Filter>
    </ClCompile>
    <ClCompile Include="SapphireCommon.cpp">
      <Filter>源文件</Filter>
    </ClCompile>
    <ClCompile Include="SapphireColorValue.cpp">
      <Filter>源文件</Filter>
    </ClCompile>
    <ClCompile Include="SapphireUserObjectBinding.cpp">
      <Filter>源文件</Filter>
    </ClCompile>
    <ClCompile Include="SapphireEMaterialFlags.h">
      <Filter>头文件\renderSystem</Filter>
    </ClCompile>
    <ClCompile Include="SapphireIAnimatedMeshMD2.h">
      <Filter>头文件\scene</Filter>
    </ClCompile>
    <ClCompile Include="SapphireCOpenGLExtensionHandler.cpp">
      <Filter>源文件\rendersystem\OpenGL</Filter>
    </ClCompile>
    <ClCompile Include="SapphireOS.cpp">
      <Filter>源文件\os</Filter>
    </ClCompile>
    <ClCompile Include="SapphireCTimer.cpp">
      <Filter>源文件\os</Filter>
    </ClCompile>
    <ClCompile Include="SapphireCImage.cpp">
      <Filter>源文件\rendersystem\Null</Filter>
    </ClCompile>
    <ClCompile Include="SapphireCColourConverter.cpp">
      <Filter>源文件\rendersystem\Null</Filter>
    </ClCompile>
    <ClCompile Include="SapphireCFPSCounter.cpp">
      <Filter>源文件\rendersystem\Null</Filter>
    </ClCompile>
    <ClCompile Include="SapphireCNullDriver.cpp">
      <Filter>源文件\rendersystem\Null</Filter>
    </ClCompile>
    <ClCompile Include="SapphireCAttributes.cpp">
      <Filter>源文件\IO</Filter>
    </ClCompile>
    <ClCompile Include="SapphireCAttributeImpl.h">
      <Filter>源文件\IO</Filter>
    </ClCompile>
    <ClCompile Include="SapphireCImageLoaderBMP.cpp">
      <Filter>源文件\rendersystem\Null\Loader</Filter>
    </ClCompile>
    <ClCompile Include="SapphireCImageLoaderTGA.cpp">
      <Filter>源文件\rendersystem\Null\Loader</Filter>
    </ClCompile>
    <ClCompile Include="SapphireCImageLoaderPNG.cpp">
      <Filter>源文件\rendersystem\Null\Loader</Filter>
    </ClCompile>
    <ClCompile Include="SapphireCImageLoaderJPEG.cpp">
      <Filter>源文件\rendersystem\Null\Loader</Filter>
    </ClCompile>
    <ClCompile Include="SapphireCImageWriterTGA.cpp">
      <Filter>源文件\rendersystem\Null\Writer</Filter>
    </ClCompile>
    <ClCompile Include="SapphireCImageWriterBMP.cpp">
      <Filter>源文件\rendersystem\Null\Writer</Filter>
    </ClCompile>
    <ClCompile Include="SapphireCImageWriterPNG.cpp">
      <Filter>源文件\rendersystem\Null\Writer</Filter>
    </ClCompile>
    <ClCompile Include="SapphireCImageWriterJPEG.cpp">
      <Filter>源文件\rendersystem\Null\Writer</Filter>
    </ClCompile>
    <ClCompile Include="SapphireCVideoModelList.cpp">
      <Filter>源文件\rendersystem</Filter>
    </ClCompile>
    <ClCompile Include="SapphireCIXMLReader.cpp">
      <Filter>源文件\IO</Filter>
    </ClCompile>
    <ClCompile Include="jpeglib\jaricom.c">
      <Filter>源文件\externs\jpeglib</Filter>
    </ClCompile>
    <ClCompile Include="jpeglib\jcapimin.c">
      <Filter>源文件\externs\jpeglib</Filter>
    </ClCompile>
    <ClCompile Include="jpeglib\jcapistd.c">
      <Filter>源文件\externs\jpeglib</Filter>
    </ClCompile>
    <ClCompile Include="jpeglib\jcarith.c">
      <Filter>源文件\externs\jpeglib</Filter>
    </ClCompile>
    <ClCompile Include="jpeglib\jccoefct.c">
      <Filter>源文件\externs\jpeglib</Filter>
    </ClCompile>
    <ClCompile Include="jpeglib\jccolor.c">
      <Filter>源文件\externs\jpeglib</Filter>
    </ClCompile>
    <ClCompile Include="jpeglib\jcdctmgr.c">
      <Filter>源文件\externs\jpeglib</Filter>
    </ClCompile>
    <ClCompile Include="jpeglib\jchuff.c">
      <Filter>源文件\externs\jpeglib</Filter>
    </ClCompile>
    <ClCompile Include="jpeglib\jcinit.c">
      <Filter>源文件\externs\jpeglib</Filter>
    </ClCompile>
    <ClCompile Include="jpeglib\jcmainct.c">
      <Filter>源文件\externs\jpeglib</Filter>
    </ClCompile>
    <ClCompile Include="jpeglib\jcmarker.c">
      <Filter>源文件\externs\jpeglib</Filter>
    </ClCompile>
    <ClCompile Include="jpeglib\jcmaster.c">
      <Filter>源文件\externs\jpeglib</Filter>
    </ClCompile>
    <ClCompile Include="jpeglib\jcomapi.c">
      <Filter>源文件\externs\jpeglib</Filter>
    </ClCompile>
    <ClCompile Include="jpeglib\jcparam.c">
      <Filter>源文件\externs\jpeglib</Filter>
    </ClCompile>
    <ClCompile Include="jpeglib\jcprepct.c">
      <Filter>源文件\externs\jpeglib</Filter>
    </ClCompile>
    <ClCompile Include="jpeglib\jcsample.c">
      <Filter>源文件\externs\jpeglib</Filter>
    </ClCompile>
    <ClCompile Include="jpeglib\jctrans.c">
      <Filter>源文件\externs\jpeglib</Filter>
    </ClCompile>
    <ClCompile Include="jpeglib\jdapimin.c">
      <Filter>源文件\externs\jpeglib</Filter>
    </ClCompile>
    <ClCompile Include="jpeglib\jdapistd.c">
      <Filter>源文件\externs\jpeglib</Filter>
    </ClCompile>
    <ClCompile Include="jpeglib\jdarith.c">
      <Filter>源文件\externs\jpeglib</Filter>
    </ClCompile>
    <ClCompile Include="jpeglib\jdatadst.c">
      <Filter>源文件\externs\jpeglib</Filter>
    </ClCompile>
    <ClCompile Include="jpeglib\jdatasrc.c">
      <Filter>源文件\externs\jpeglib</Filter>
    </ClCompile>
    <ClCompile Include="jpeglib\jdcoefct.c">
      <Filter>源文件\externs\jpeglib</Filter>
    </ClCompile>
    <ClCompile Include="jpeglib\jdcolor.c">
      <Filter>源文件\externs\jpeglib</Filter>
    </ClCompile>
    <ClCompile Include="jpeglib\jddctmgr.c">
      <Filter>源文件\externs\jpeglib</Filter>
    </ClCompile>
    <ClCompile Include="jpeglib\jdhuff.c">
      <Filter>源文件\externs\jpeglib</Filter>
    </ClCompile>
    <ClCompile Include="jpeglib\jdinput.c">
      <Filter>源文件\externs\jpeglib</Filter>
    </ClCompile>
    <ClCompile Include="jpeglib\jdmainct.c">
      <Filter>源文件\externs\jpeglib</Filter>
    </ClCompile>
    <ClCompile Include="jpeglib\jdmarker.c">
      <Filter>源文件\externs\jpeglib</Filter>
    </ClCompile>
    <ClCompile Include="jpeglib\jdmaster.c">
      <Filter>源文件\externs\jpeglib</Filter>
    </ClCompile>
    <ClCompile Include="jpeglib\jdmerge.c">
      <Filter>源文件\externs\jpeglib</Filter>
    </ClCompile>
    <ClCompile Include="jpeglib\jdpostct.c">
      <Filter>源文件\externs\jpeglib</Filter>
    </ClCompile>
    <ClCompile Include="jpeglib\jdsample.c">
      <Filter>源文件\externs\jpeglib</Filter>
    </ClCompile>
    <ClCompile Include="jpeglib\jdtrans.c">
      <Filter>源文件\externs\jpeglib</Filter>
    </ClCompile>
    <ClCompile Include="jpeglib\jerror.c">
      <Filter>源文件\externs\jpeglib</Filter>
    </ClCompile>
    <ClCompile Include="jpeglib\jfdctflt.c">
      <Filter>源文件\externs\jpeglib</Filter>
    </ClCompile>
    <ClCompile Include="jpeglib\jfdctfst.c">
      <Filter>源文件\externs\jpeglib</Filter>
    </ClCompile>
    <ClCompile Include="jpeglib\jfdctint.c">
      <Filter>源文件\externs\jpeglib</Filter>
    </ClCompile>
    <ClCompile Include="jpeglib\jidctflt.c">
      <Filter>源文件\externs\jpeglib</Filter>
    </ClCompile>
    <ClCompile Include="jpeglib\jidctfst.c">
      <Filter>源文件\externs\jpeglib</Filter>
    </ClCompile>
    <ClCompile Include="jpeglib\jidctint.c">
      <Filter>源文件\externs\jpeglib</Filter>
    </ClCompile>
    <ClCompile Include="jpeglib\jmemmgr.c">
      <Filter>源文件\externs\jpeglib</Filter>
    </ClCompile>
    <ClCompile Include="jpeglib\jmemnobs.c">
      <Filter>源文件\externs\jpeglib</Filter>
    </ClCompile>
    <ClCompile Include="jpeglib\jquant1.c">
      <Filter>源文件\externs\jpeglib</Filter>
    </ClCompile>
    <ClCompile Include="jpeglib\jquant2.c">
      <Filter>源文件\externs\jpeglib</Filter>
    </ClCompile>
    <ClCompile Include="jpeglib\jutils.c">
      <Filter>源文件\externs\jpeglib</Filter>
    </ClCompile>
    <ClCompile Include="libpng\png.c">
      <Filter>源文件\externs\pnglib</Filter>
    </ClCompile>
    <ClCompile Include="libpng\pngerror.c">
      <Filter>源文件\externs\pnglib</Filter>
    </ClCompile>
    <ClCompile Include="libpng\pngget.c">
      <Filter>源文件\externs\pnglib</Filter>
    </ClCompile>
    <ClCompile Include="libpng\pngmem.c">
      <Filter>源文件\externs\pnglib</Filter>
    </ClCompile>
    <ClCompile Include="libpng\pngpread.c">
      <Filter>源文件\externs\pnglib</Filter>
    </ClCompile>
    <ClCompile Include="libpng\pngread.c">
      <Filter>源文件\externs\pnglib</Filter>
    </ClCompile>
    <ClCompile Include="libpng\pngrio.c">
      <Filter>源文件\externs\pnglib</Filter>
    </ClCompile>
    <ClCompile Include="libpng\pngrtran.c">
      <Filter>源文件\externs\pnglib</Filter>
    </ClCompile>
    <ClCompile Include="libpng\pngrutil.c">
      <Filter>源文件\externs\pnglib</Filter>
    </ClCompile>
    <ClCompile Include="libpng\pngset.c">
      <Filter>源文件\externs\pnglib</Filter>
    </ClCompile>
    <ClCompile Include="libpng\pngtrans.c">
      <Filter>源文件\externs\pnglib</Filter>
    </ClCompile>
    <ClCompile Include="libpng\pngwio.c">
      <Filter>源文件\externs\pnglib</Filter>
    </ClCompile>
    <ClCompile Include="libpng\pngwrite.c">
      <Filter>源文件\externs\pnglib</Filter>
    </ClCompile>
    <ClCompile Include="libpng\pngwtran.c">
      <Filter>源文件\externs\pnglib</Filter>
    </ClCompile>
    <ClCompile Include="libpng\pngwutil.c">
      <Filter>源文件\externs\pnglib</Filter>
    </ClCompile>
    <ClCompile Include="zlib\adler32.c">
      <Filter>源文件\externs\zlib</Filter>
    </ClCompile>
    <ClCompile Include="zlib\compress.c">
      <Filter>源文件\externs\zlib</Filter>
    </ClCompile>
    <ClCompile Include="zlib\crc32.c">
      <Filter>源文件\externs\zlib</Filter>
    </ClCompile>
    <ClCompile Include="zlib\deflate.c">
      <Filter>源文件\externs\zlib</Filter>
    </ClCompile>
    <ClCompile Include="zlib\gzclose.c">
      <Filter>源文件\externs\zlib</Filter>
    </ClCompile>
    <ClCompile Include="zlib\gzlib.c">
      <Filter>源文件\externs\zlib</Filter>
    </ClCompile>
    <ClCompile Include="zlib\gzread.c">
      <Filter>源文件\externs\zlib</Filter>
    </ClCompile>
    <ClCompile Include="zlib\gzwrite.c">
      <Filter>源文件\externs\zlib</Filter>
    </ClCompile>
    <ClCompile Include="zlib\infback.c">
      <Filter>源文件\externs\zlib</Filter>
    </ClCompile>
    <ClCompile Include="zlib\inffast.c">
      <Filter>源文件\externs\zlib</Filter>
    </ClCompile>
    <ClCompile Include="zlib\inflate.c">
      <Filter>源文件\externs\zlib</Filter>
    </ClCompile>
    <ClCompile Include="zlib\inftrees.c">
      <Filter>源文件\externs\zlib</Filter>
    </ClCompile>
    <ClCompile Include="zlib\trees.c">
      <Filter>源文件\externs\zlib</Filter>
    </ClCompile>
    <ClCompile Include="zlib\uncompr.c">
      <Filter>源文件\externs\zlib</Filter>
    </ClCompile>
    <ClCompile Include="zlib\zutil.c">
      <Filter>源文件\externs\zlib</Filter>
    </ClCompile>
    <ClCompile Include="SapphireCXMLWriter.cpp">
      <Filter>源文件\IO</Filter>
    </ClCompile>
    <ClCompile Include="SapphireCWriteFile.cpp">
      <Filter>源文件\IO</Filter>
    </ClCompile>
    <ClCompile Include="SapphireCReadFile.cpp">
      <Filter>源文件\IO</Filter>
    </ClCompile>
    <ClCompile Include="SapphireCFileList.cpp">
      <Filter>源文件\IO</Filter>
    </ClCompile>
    <ClCompile Include="SapphireCPakReader.cpp">
      <Filter>源文件\IO</Filter>
    </ClCompile>
    <ClCompile Include="SapphireCZipReader.cpp">
      <Filter>源文件\IO</Filter>
    </ClCompile>
    <ClCompile Include="SapphireCMountPointReader.cpp">
      <Filter>源文件\IO</Filter>
    </ClCompile>
    <ClCompile Include="SapphireCNPKReader.cpp">
      <Filter>源文件\IO</Filter>
    </ClCompile>
    <ClCompile Include="SapphireCTarReader.cpp">
      <Filter>源文件\IO</Filter>
    </ClCompile>
    <ClCompile Include="SapphireCLimitReadFile.cpp">
      <Filter>源文件\IO</Filter>
    </ClCompile>
    <ClCompile Include="SapphireCMemeoryFile.cpp">
      <Filter>源文件\IO</Filter>
    </ClCompile>
    <ClCompile Include="SapphireCWADReader.cpp">
      <Filter>源文件\IO</Filter>
    </ClCompile>
    <ClCompile Include="SapphireCFileSystem.cpp">
      <Filter>源文件\IO</Filter>
    </ClCompile>
    <ClCompile Include="SapphireCDefaultGUIElementFactory.cpp">
      <Filter>源文件\gui</Filter>
    </ClCompile>
    <ClCompile Include="SapphireCGUIButton.cpp">
      <Filter>源文件\gui</Filter>
    </ClCompile>
    <ClCompile Include="SapphireCGUICheckBox.cpp">
      <Filter>源文件\gui</Filter>
    </ClCompile>
    <ClCompile Include="SapphireCGUIImage.cpp">
      <Filter>源文件\gui</Filter>
    </ClCompile>
    <ClCompile Include="SapphireCGUIImageList.cpp">
      <Filter>源文件\gui</Filter>
    </ClCompile>
    <ClCompile Include="SapphireCGUISkin.cpp">
      <Filter>源文件\gui</Filter>
    </ClCompile>
    <ClCompile Include="SapphireCGUIColorSelectDialog.cpp">
      <Filter>源文件\gui</Filter>
    </ClCompile>
    <ClCompile Include="SapphireCGUIFont.cpp">
      <Filter>源文件\gui</Filter>
    </ClCompile>
    <ClCompile Include="SapphireCGUIStaticText.cpp">
      <Filter>源文件\gui</Filter>
    </ClCompile>
    <ClCompile Include="SapphireCGUIContextMenu.cpp">
      <Filter>源文件\gui</Filter>
    </ClCompile>
    <ClCompile Include="SapphireCGUIEditBox.cpp">
      <Filter>源文件\gui</Filter>
    </ClCompile>
    <ClCompile Include="SapphireCGUIScrollBar.cpp">
      <Filter>源文件\gui</Filter>
    </ClCompile>
    <ClCompile Include="SapphireCGUIListBox.cpp">
      <Filter>源文件\gui</Filter>
    </ClCompile>
    <ClCompile Include="SapphireCGUIComboBox.cpp">
      <Filter>源文件\gui</Filter>
    </ClCompile>
  </ItemGroup>
  <ItemGroup>
    <None Include="ClassDiagram.cd" />
    <None Include="ClassDiagram1.cd" />
  </ItemGroup>
</Project>